
Microsoft Visual Studio Solution File, Format Version 12.00
# Visual Studio Version 17
VisualStudioVersion = 17.14.36203.30 d17.14
MinimumVisualStudioVersion = 10.0.40219.1
Project("{FAE04EC0-301F-11D3-BF4B-00C04F79EFBC}") = "ProjetoNetCore", "ProjetoNetCore\ProjetoNetCore.csproj", "{5F3232BA-5B9F-4A9C-95E3-9EE8A10CC339}"
EndProject
Global
	GlobalSection(SolutionConfigurationPlatforms) = preSolution
		Debug|Any CPU = Debug|Any CPU
		Release|Any CPU = Release|Any CPU
	EndGlobalSection
	GlobalSection(ProjectConfigurationPlatforms) = postSolution
		{5F3232BA-5B9F-4A9C-95E3-9EE8A10CC339}.Debug|Any CPU.ActiveCfg = Debug|Any CPU
		{5F3232BA-5B9F-4A9C-95E3-9EE8A10CC339}.Debug|Any CPU.Build.0 = Debug|Any CPU
		{5F3232BA-5B9F-4A9C-95E3-9EE8A10CC339}.Release|Any CPU.ActiveCfg = Release|Any CPU
		{5F3232BA-5B9F-4A9C-95E3-9EE8A10CC339}.Release|Any CPU.Build.0 = Release|Any CPU
	EndGlobalSection
	GlobalSection(SolutionProperties) = preSolution
		HideSolutionNode = FALSE
	EndGlobalSection
	GlobalSection(ExtensibilityGlobals) = postSolution
		SolutionGuid = {C3A39F25-5853-4FAC-9F33-90AD52634EED}
	EndGlobalSection
EndGlobal
